
Microsoft Visual Studio Solution File, Format Version 12.00
# Visual Studio Version 17
VisualStudioVersion = 17.10.34916.146
MinimumVisualStudioVersion = 10.0.40219.1
Project("{FAE04EC0-301F-11D3-BF4B-00C04F79EFBC}") = "IdentityPrc", "IdentityPrc\IdentityPrc.csproj", "{38D24CCC-E324-48D1-B618-F2FE60299544}"
EndProject
Global
	GlobalSection(SolutionConfigurationPlatforms) = preSolution
		Debug|Any CPU = Debug|Any CPU
		Release|Any CPU = Release|Any CPU
	EndGlobalSection
	GlobalSection(ProjectConfigurationPlatforms) = postSolution
		{38D24CCC-E324-48D1-B618-F2FE60299544}.Debug|Any CPU.ActiveCfg = Debug|Any CPU
		{38D24CCC-E324-48D1-B618-F2FE60299544}.Debug|Any CPU.Build.0 = Debug|Any CPU
		{38D24CCC-E324-48D1-B618-F2FE60299544}.Release|Any CPU.ActiveCfg = Release|Any CPU
		{38D24CCC-E324-48D1-B618-F2FE60299544}.Release|Any CPU.Build.0 = Release|Any CPU
	EndGlobalSection
	GlobalSection(SolutionProperties) = preSolution
		HideSolutionNode = FALSE
	EndGlobalSection
	GlobalSection(ExtensibilityGlobals) = postSolution
		SolutionGuid = {A9F71D3E-B399-4C34-87F4-7F6549EF1904}
	EndGlobalSection
EndGlobal
